
Microsoft Visual Studio Solution File, Format Version 12.00
# Visual Studio Version 17
VisualStudioVersion = 17.2.32505.173
MinimumVisualStudioVersion = 10.0.40219.1
Project("{FAE04EC0-301F-11D3-BF4B-00C04F79EFBC}") = "RubikStore", "RubikStore\RubikStore.csproj", "{9A271E6A-74D1-4A65-8E96-886AF37E8BB2}"
EndProject
Global
	GlobalSection(SolutionConfigurationPlatforms) = preSolution
		Debug|Any CPU = Debug|Any CPU
		Release|Any CPU = Release|Any CPU
	EndGlobalSection
	GlobalSection(ProjectConfigurationPlatforms) = postSolution
		{9A271E6A-74D1-4A65-8E96-886AF37E8BB2}.Debug|Any CPU.ActiveCfg = Debug|Any CPU
		{9A271E6A-74D1-4A65-8E96-886AF37E8BB2}.Debug|Any CPU.Build.0 = Debug|Any CPU
		{9A271E6A-74D1-4A65-8E96-886AF37E8BB2}.Release|Any CPU.ActiveCfg = Release|Any CPU
		{9A271E6A-74D1-4A65-8E96-886AF37E8BB2}.Release|Any CPU.Build.0 = Release|Any CPU
	EndGlobalSection
	GlobalSection(SolutionProperties) = preSolution
		HideSolutionNode = FALSE
	EndGlobalSection
	GlobalSection(ExtensibilityGlobals) = postSolution
		SolutionGuid = {E546B129-6431-4EDB-A571-BD1DE54CA038}
	EndGlobalSection
EndGlobal
